
Microsoft Visual Studio Solution File, Format Version 12.00
# Visual Studio Version 17
VisualStudioVersion = 17.1.32407.343
MinimumVisualStudioVersion = 10.0.40219.1
Project("{FAE04EC0-301F-11D3-BF4B-00C04F79EFBC}") = "march1", "march1\march1.csproj", "{E8A4873E-0263-4CE2-B03F-A2E053E37664}"
EndProject
Global
	GlobalSection(SolutionConfigurationPlatforms) = preSolution
		Debug|Any CPU = Debug|Any CPU
		Release|Any CPU = Release|Any CPU
	EndGlobalSection
	GlobalSection(ProjectConfigurationPlatforms) = postSolution
		{E8A4873E-0263-4CE2-B03F-A2E053E37664}.Debug|Any CPU.ActiveCfg = Debug|Any CPU
		{E8A4873E-0263-4CE2-B03F-A2E053E37664}.Debug|Any CPU.Build.0 = Debug|Any CPU
		{E8A4873E-0263-4CE2-B03F-A2E053E37664}.Release|Any CPU.ActiveCfg = Release|Any CPU
		{E8A4873E-0263-4CE2-B03F-A2E053E37664}.Release|Any CPU.Build.0 = Release|Any CPU
	EndGlobalSection
	GlobalSection(SolutionProperties) = preSolution
		HideSolutionNode = FALSE
	EndGlobalSection
	GlobalSection(ExtensibilityGlobals) = postSolution
		SolutionGuid = {DB4D8EC8-8ED3-4865-A7DF-64A07BF70FDF}
	EndGlobalSection
EndGlobal
